
Microsoft Visual Studio Solution File, Format Version 12.00
# Visual Studio Version 16
VisualStudioVersion = 16.0.32630.194
MinimumVisualStudioVersion = 10.0.40219.1
Project("{FAE04EC0-301F-11D3-BF4B-00C04F79EFBC}") = "My library", "My library.csproj", "{775FA89D-4947-4C32-8CFB-64A1162D126C}"
EndProject
Global
	GlobalSection(SolutionConfigurationPlatforms) = preSolution
		Debug|Any CPU = Debug|Any CPU
		Release|Any CPU = Release|Any CPU
	EndGlobalSection
	GlobalSection(ProjectConfigurationPlatforms) = postSolution
		{775FA89D-4947-4C32-8CFB-64A1162D126C}.Debug|Any CPU.ActiveCfg = Debug|Any CPU
		{775FA89D-4947-4C32-8CFB-64A1162D126C}.Debug|Any CPU.Build.0 = Debug|Any CPU
		{775FA89D-4947-4C32-8CFB-64A1162D126C}.Release|Any CPU.ActiveCfg = Release|Any CPU
		{775FA89D-4947-4C32-8CFB-64A1162D126C}.Release|Any CPU.Build.0 = Release|Any CPU
	EndGlobalSection
	GlobalSection(SolutionProperties) = preSolution
		HideSolutionNode = FALSE
	EndGlobalSection
	GlobalSection(ExtensibilityGlobals) = postSolution
		SolutionGuid = {30122ECF-ED31-489C-B8F7-E0370A32EC67}
	EndGlobalSection
EndGlobal
